
Microsoft Visual Studio Solution File, Format Version 12.00
# Visual Studio Version 17
VisualStudioVersion = 17.8.34511.84
MinimumVisualStudioVersion = 10.0.40219.1
Project("{FAE04EC0-301F-11D3-BF4B-00C04F79EFBC}") = "Disponibilidade-de-rede", "Disponibilidade-de-rede\Disponibilidade-de-rede.csproj", "{4C10CCA0-F20E-436E-AA03-D16B1B481C13}"
EndProject
Global
	GlobalSection(SolutionConfigurationPlatforms) = preSolution
		Debug|Any CPU = Debug|Any CPU
		Release|Any CPU = Release|Any CPU
	EndGlobalSection
	GlobalSection(ProjectConfigurationPlatforms) = postSolution
		{4C10CCA0-F20E-436E-AA03-D16B1B481C13}.Debug|Any CPU.ActiveCfg = Debug|Any CPU
		{4C10CCA0-F20E-436E-AA03-D16B1B481C13}.Debug|Any CPU.Build.0 = Debug|Any CPU
		{4C10CCA0-F20E-436E-AA03-D16B1B481C13}.Release|Any CPU.ActiveCfg = Release|Any CPU
		{4C10CCA0-F20E-436E-AA03-D16B1B481C13}.Release|Any CPU.Build.0 = Release|Any CPU
	EndGlobalSection
	GlobalSection(SolutionProperties) = preSolution
		HideSolutionNode = FALSE
	EndGlobalSection
	GlobalSection(ExtensibilityGlobals) = postSolution
		SolutionGuid = {C91F7432-CC76-4D93-B43C-FF53D04724AC}
	EndGlobalSection
EndGlobal
